{
  "name": "@zukujs/cli",
  "version": "0.2.0",
  "lockfileVersion": 3,
  "requires": true,
  "packages": {
    "": {
      "name": "@zukujs/cli",
      "version": "0.2.0",
      "license": "SOL",
      "dependencies": {
        "fflate": "0.8.3"
      },
      "bin": {
        "zukujs": "index.mjs"
      },
      "engines": {
        "node": ">=22.0.0"
      }
    },
    "node_modules/fflate": {
      "version": "0.8.3",
      "resolved": "https://registry.npmjs.org/fflate/-/fflate-0.8.3.tgz",
      "integrity": "sha512-tbZNuJrLwGUp3zshBtdy4W+ORxZuIh8a5ilyIEQDC5rY1f3U20JMry0Ll3WBzU58EZKsEuJFXhb5gwv8CsPvgA==",
      "license": "MIT"
    }
  }
}
